// !$*UTF8*$!
{
	archiveVersion = 1;
	classes = {
	};
	objectVersion = 56;
	objects = {

/* Begin PBXBuildFile section */
		5046F6EE2CAB92B800725BFC /* FirebaseAnalyticsOnDeviceConversion in Frameworks */ = {isa = PBXBuildFile; productRef = 5046F6ED2CAB92B800725BFC /* FirebaseAnalyticsOnDeviceConversion */; };
		5046F6F02CAB92B800725BFC /* FirebaseAnalyticsWithoutAdIdSupport in Frameworks */ = {isa = PBXBuildFile; productRef = 5046F6EF2CAB92B800725BFC /* FirebaseAnalyticsWithoutAdIdSupport */; };
		5046F6F22CAB92B800725BFC /* FirebaseAppCheck in Frameworks */ = {isa = PBXBuildFile; productRef = 5046F6F12CAB92B800725BFC /* FirebaseAppCheck */; };
		5046F6F42CAB92B800725BFC /* FirebaseAppDistribution-Beta in Frameworks */ = {isa = PBXBuildFile; productRef = 5046F6F32CAB92B800725BFC /* FirebaseAppDistribution-Beta */; };
		5046F6F62CAB92B800725BFC /* FirebaseAuthCombine-Community in Frameworks */ = {isa = PBXBuildFile; productRef = 5046F6F52CAB92B800725BFC /* FirebaseAuthCombine-Community */; };
		5046F6F82CAB92B800725BFC /* FirebaseCrashlytics in Frameworks */ = {isa = PBXBuildFile; productRef = 5046F6F72CAB92B800725BFC /* FirebaseCrashlytics */; };
		5046F6FA2CAB92B800725BFC /* FirebaseDynamicLinks in Frameworks */ = {isa = PBXBuildFile; productRef = 5046F6F92CAB92B800725BFC /* FirebaseDynamicLinks */; };
		5046F6FC2CAB92B800725BFC /* FirebaseFirestoreCombine-Community in Frameworks */ = {isa = PBXBuildFile; productRef = 5046F6FB2CAB92B800725BFC /* FirebaseFirestoreCombine-Community */; };
		5046F6FE2CAB92B800725BFC /* FirebaseFunctions in Frameworks */ = {isa = PBXBuildFile; productRef = 5046F6FD2CAB92B800725BFC /* FirebaseFunctions */; };
		5046F7002CAB92B800725BFC /* FirebaseFunctionsCombine-Community in Frameworks */ = {isa = PBXBuildFile; productRef = 5046F6FF2CAB92B800725BFC /* FirebaseFunctionsCombine-Community */; };
		5046F7022CAB92B800725BFC /* FirebaseInAppMessaging-Beta in Frameworks */ = {isa = PBXBuildFile; productRef = 5046F7012CAB92B800725BFC /* FirebaseInAppMessaging-Beta */; };
		5046F7042CAB92B800725BFC /* FirebaseInstallations in Frameworks */ = {isa = PBXBuildFile; productRef = 5046F7032CAB92B800725BFC /* FirebaseInstallations */; };
		5046F7062CAB92B800725BFC /* FirebaseMLModelDownloader in Frameworks */ = {isa = PBXBuildFile; productRef = 5046F7052CAB92B800725BFC /* FirebaseMLModelDownloader */; };
		5046F7082CAB92B800725BFC /* FirebaseMessaging in Frameworks */ = {isa = PBXBuildFile; productRef = 5046F7072CAB92B800725BFC /* FirebaseMessaging */; };
		5046F70A2CAB92B800725BFC /* FirebasePerformance in Frameworks */ = {isa = PBXBuildFile; productRef = 5046F7092CAB92B800725BFC /* FirebasePerformance */; };
		5046F70C2CAB92B800725BFC /* FirebaseRemoteConfig in Frameworks */ = {isa = PBXBuildFile; productRef = 5046F70B2CAB92B800725BFC /* FirebaseRemoteConfig */; };
		5046F70E2CAB92B800725BFC /* FirebaseStorageCombine-Community in Frameworks */ = {isa = PBXBuildFile; productRef = 5046F70D2CAB92B800725BFC /* FirebaseStorageCombine-Community */; };
		5046F7102CAB92B800725BFC /* FirebaseVertexAI-Preview in Frameworks */ = {isa = PBXBuildFile; productRef = 5046F70F2CAB92B800725BFC /* FirebaseVertexAI-Preview */; };
		5054B33E2CA1110A0020F9C3 /* QuestionsViewController.swift in Sources */ = {isa = PBXBuildFile; fileRef = 5054B33D2CA1110A0020F9C3 /* QuestionsViewController.swift */; };
		5054B3412CA11FA00020F9C3 /* FirebaseAnalytics in Frameworks */ = {isa = PBXBuildFile; productRef = 5054B3402CA11FA00020F9C3 /* FirebaseAnalytics */; };
		5054B3432CA11FA00020F9C3 /* FirebaseAuth in Frameworks */ = {isa = PBXBuildFile; productRef = 5054B3422CA11FA00020F9C3 /* FirebaseAuth */; };
		5054B3452CA11FA00020F9C3 /* FirebaseDatabase in Frameworks */ = {isa = PBXBuildFile; productRef = 5054B3442CA11FA00020F9C3 /* FirebaseDatabase */; };
		5054B3472CA11FA00020F9C3 /* FirebaseFirestore in Frameworks */ = {isa = PBXBuildFile; productRef = 5054B3462CA11FA00020F9C3 /* FirebaseFirestore */; };
		5054B3492CA11FA00020F9C3 /* FirebaseStorage in Frameworks */ = {isa = PBXBuildFile; productRef = 5054B3482CA11FA00020F9C3 /* FirebaseStorage */; };
		505E35952CC18ACF0060CA2E /* AddEventViewController.swift in Sources */ = {isa = PBXBuildFile; fileRef = 505E35942CC18ACF0060CA2E /* AddEventViewController.swift */; };
		506D4A0D2CFF920500D4128F /* AIConflictResolver.swift in Sources */ = {isa = PBXBuildFile; fileRef = 506D4A0C2CFF920500D4128F /* AIConflictResolver.swift */; };
		50759B292CBB2BA100B6D89A /* CalendarKit in Frameworks */ = {isa = PBXBuildFile; productRef = 50759B282CBB2BA100B6D89A /* CalendarKit */; };
		50759B2D2CBB2C6F00B6D89A /* CalendarViewController.swift in Sources */ = {isa = PBXBuildFile; fileRef = 50759B2C2CBB2C6F00B6D89A /* CalendarViewController.swift */; };
		50759B2F2CBB4E9100B6D89A /* CustomEvent.swift in Sources */ = {isa = PBXBuildFile; fileRef = 50759B2E2CBB4E9100B6D89A /* CustomEvent.swift */; };
		508A253C2CAB4D0F00488B39 /* HomeViewController.swift in Sources */ = {isa = PBXBuildFile; fileRef = 508A253B2CAB4D0F00488B39 /* HomeViewController.swift */; };
		50C5475C2D6F53FD00E8996A /* UserNotification.swift in Sources */ = {isa = PBXBuildFile; fileRef = 50C5475B2D6F53FD00E8996A /* UserNotification.swift */; };
		50C5475E2D6F72DB00E8996A /* ProgressTrackingViewController.swift in Sources */ = {isa = PBXBuildFile; fileRef = 50C5475D2D6F72DB00E8996A /* ProgressTrackingViewController.swift */; };
		D19523A92C9F871900762B0D /* AppDelegate.swift in Sources */ = {isa = PBXBuildFile; fileRef = D19523A82C9F871900762B0D /* AppDelegate.swift */; };
		D19523AB2C9F871900762B0D /* SceneDelegate.swift in Sources */ = {isa = PBXBuildFile; fileRef = D19523AA2C9F871900762B0D /* SceneDelegate.swift */; };
		D19523AD2C9F871900762B0D /* LoginViewController.swift in Sources */ = {isa = PBXBuildFile; fileRef = D19523AC2C9F871900762B0D /* LoginViewController.swift */; };
		D19523B02C9F871900762B0D /* Base in Resources */ = {isa = PBXBuildFile; fileRef = D19523AF2C9F871900762B0D /* Base */; };
		D19523B22C9F871A00762B0D /* Assets.xcassets in Resources */ = {isa = PBXBuildFile; fileRef = D19523B12C9F871A00762B0D /* Assets.xcassets */; };
		D19523B52C9F871A00762B0D /* Base in Resources */ = {isa = PBXBuildFile; fileRef = D19523B42C9F871A00762B0D /* Base */; };
		D19AE1552CD28623005314EC /* SettingsViewController.swift in Sources */ = {isa = PBXBuildFile; fileRef = D19AE1542CD28623005314EC /* SettingsViewController.swift */; };
		D19FB3532D70D8D600681DBA /* Config.plist in Resources */ = {isa = PBXBuildFile; fileRef = D19FB3522D70D8D600681DBA /* Config.plist */; };
		D1A345542C9F9864005B1F44 /* CreateAccountViewController.swift in Sources */ = {isa = PBXBuildFile; fileRef = D1A345532C9F9864005B1F44 /* CreateAccountViewController.swift */; };
		D1A345562C9F9A58005B1F44 /* GoogleService-Info.plist in Resources */ = {isa = PBXBuildFile; fileRef = D1A345552C9F9A58005B1F44 /* GoogleService-Info.plist */; };
		D1A3455D2CA0DDDC005B1F44 /* UserActivities.swift in Sources */ = {isa = PBXBuildFile; fileRef = D1A3455C2CA0DDDC005B1F44 /* UserActivities.swift */; };
		D1A345612CA0DF4F005B1F44 /* ChecklistViewController.swift in Sources */ = {isa = PBXBuildFile; fileRef = D1A345602CA0DF4F005B1F44 /* ChecklistViewController.swift */; };
		D1FCDA262CB42C780061EAA9 /* GetToKnowViewController.swift in Sources */ = {isa = PBXBuildFile; fileRef = D1FCDA252CB42C780061EAA9 /* GetToKnowViewController.swift */; };
/* End PBXBuildFile section */

/* Begin PBXFileReference section */
		5054B33D2CA1110A0020F9C3 /* QuestionsViewController.swift */ = {isa = PBXFileReference; lastKnownFileType = sourcecode.swift; path = QuestionsViewController.swift; sourceTree = "<group>"; };
		505E35942CC18ACF0060CA2E /* AddEventViewController.swift */ = {isa = PBXFileReference; lastKnownFileType = sourcecode.swift; path = AddEventViewController.swift; sourceTree = "<group>"; };
		506D4A0C2CFF920500D4128F /* AIConflictResolver.swift */ = {isa = PBXFileReference; lastKnownFileType = sourcecode.swift; path = AIConflictResolver.swift; sourceTree = "<group>"; };
		50759B2C2CBB2C6F00B6D89A /* CalendarViewController.swift */ = {isa = PBXFileReference; lastKnownFileType = sourcecode.swift; path = CalendarViewController.swift; sourceTree = "<group>"; };
		50759B2E2CBB4E9100B6D89A /* CustomEvent.swift */ = {isa = PBXFileReference; lastKnownFileType = sourcecode.swift; path = CustomEvent.swift; sourceTree = "<group>"; };
		508A253B2CAB4D0F00488B39 /* HomeViewController.swift */ = {isa = PBXFileReference; lastKnownFileType = sourcecode.swift; path = HomeViewController.swift; sourceTree = "<group>"; };
		50C5475B2D6F53FD00E8996A /* UserNotification.swift */ = {isa = PBXFileReference; lastKnownFileType = sourcecode.swift; path = UserNotification.swift; sourceTree = "<group>"; };
		50C5475D2D6F72DB00E8996A /* ProgressTrackingViewController.swift */ = {isa = PBXFileReference; lastKnownFileType = sourcecode.swift; path = ProgressTrackingViewController.swift; sourceTree = "<group>"; };
		D19523A52C9F871900762B0D /* chronolog.app */ = {isa = PBXFileReference; explicitFileType = wrapper.application; includeInIndex = 0; path = chronolog.app; sourceTree = BUILT_PRODUCTS_DIR; };
		D19523A82C9F871900762B0D /* AppDelegate.swift */ = {isa = PBXFileReference; lastKnownFileType = sourcecode.swift; path = AppDelegate.swift; sourceTree = "<group>"; };
		D19523AA2C9F871900762B0D /* SceneDelegate.swift */ = {isa = PBXFileReference; lastKnownFileType = sourcecode.swift; path = SceneDelegate.swift; sourceTree = "<group>"; };
		D19523AC2C9F871900762B0D /* LoginViewController.swift */ = {isa = PBXFileReference; lastKnownFileType = sourcecode.swift; path = LoginViewController.swift; sourceTree = "<group>"; };
		D19523AF2C9F871900762B0D /* Base */ = {isa = PBXFileReference; lastKnownFileType = file.storyboard; name = Base; path = Base.lproj/Main.storyboard; sourceTree = "<group>"; };
		D19523B12C9F871A00762B0D /* Assets.xcassets */ = {isa = PBXFileReference; lastKnownFileType = folder.assetcatalog; path = Assets.xcassets; sourceTree = "<group>"; };
		D19523B42C9F871A00762B0D /* Base */ = {isa = PBXFileReference; lastKnownFileType = file.storyboard; name = Base; path = Base.lproj/LaunchScreen.storyboard; sourceTree = "<group>"; };
		D19523B62C9F871A00762B0D /* Info.plist */ = {isa = PBXFileReference; lastKnownFileType = text.plist.xml; path = Info.plist; sourceTree = "<group>"; };
		D19AE1542CD28623005314EC /* SettingsViewController.swift */ = {isa = PBXFileReference; lastKnownFileType = sourcecode.swift; path = SettingsViewController.swift; sourceTree = "<group>"; };
		D19FB3522D70D8D600681DBA /* Config.plist */ = {isa = PBXFileReference; fileEncoding = 4; lastKnownFileType = text.plist.xml; path = Config.plist; sourceTree = "<group>"; };
		D1A345532C9F9864005B1F44 /* CreateAccountViewController.swift */ = {isa = PBXFileReference; lastKnownFileType = sourcecode.swift; path = CreateAccountViewController.swift; sourceTree = "<group>"; };
		D1A345552C9F9A58005B1F44 /* GoogleService-Info.plist */ = {isa = PBXFileReference; fileEncoding = 4; lastKnownFileType = text.plist.xml; path = "GoogleService-Info.plist"; sourceTree = "<group>"; };
		D1A3455C2CA0DDDC005B1F44 /* UserActivities.swift */ = {isa = PBXFileReference; lastKnownFileType = sourcecode.swift; path = UserActivities.swift; sourceTree = "<group>"; };
		D1A345602CA0DF4F005B1F44 /* ChecklistViewController.swift */ = {isa = PBXFileReference; lastKnownFileType = sourcecode.swift; path = ChecklistViewController.swift; sourceTree = "<group>"; };
		D1FCDA252CB42C780061EAA9 /* GetToKnowViewController.swift */ = {isa = PBXFileReference; lastKnownFileType = sourcecode.swift; path = GetToKnowViewController.swift; sourceTree = "<group>"; };
/* End PBXFileReference section */

/* Begin PBXFrameworksBuildPhase section */
		D19523A22C9F871900762B0D /* Frameworks */ = {
			isa = PBXFrameworksBuildPhase;
			buildActionMask = 2147483647;
			files = (
				5046F70E2CAB92B800725BFC /* FirebaseStorageCombine-Community in Frameworks */,
				5046F6FC2CAB92B800725BFC /* FirebaseFirestoreCombine-Community in Frameworks */,
				5046F6FE2CAB92B800725BFC /* FirebaseFunctions in Frameworks */,
				5046F70A2CAB92B800725BFC /* FirebasePerformance in Frameworks */,
				5046F70C2CAB92B800725BFC /* FirebaseRemoteConfig in Frameworks */,
				5046F6F22CAB92B800725BFC /* FirebaseAppCheck in Frameworks */,
				5054B3452CA11FA00020F9C3 /* FirebaseDatabase in Frameworks */,
				5046F6EE2CAB92B800725BFC /* FirebaseAnalyticsOnDeviceConversion in Frameworks */,
				5054B3472CA11FA00020F9C3 /* FirebaseFirestore in Frameworks */,
				5054B3412CA11FA00020F9C3 /* FirebaseAnalytics in Frameworks */,
				5046F6F82CAB92B800725BFC /* FirebaseCrashlytics in Frameworks */,
				5046F7082CAB92B800725BFC /* FirebaseMessaging in Frameworks */,
				5046F7042CAB92B800725BFC /* FirebaseInstallations in Frameworks */,
				50759B292CBB2BA100B6D89A /* CalendarKit in Frameworks */,
				5046F7002CAB92B800725BFC /* FirebaseFunctionsCombine-Community in Frameworks */,
				5046F6F02CAB92B800725BFC /* FirebaseAnalyticsWithoutAdIdSupport in Frameworks */,
				5054B3492CA11FA00020F9C3 /* FirebaseStorage in Frameworks */,
				5046F7022CAB92B800725BFC /* FirebaseInAppMessaging-Beta in Frameworks */,
				5054B3432CA11FA00020F9C3 /* FirebaseAuth in Frameworks */,
				5046F6F42CAB92B800725BFC /* FirebaseAppDistribution-Beta in Frameworks */,
				5046F7062CAB92B800725BFC /* FirebaseMLModelDownloader in Frameworks */,
				5046F6F62CAB92B800725BFC /* FirebaseAuthCombine-Community in Frameworks */,
				5046F7102CAB92B800725BFC /* FirebaseVertexAI-Preview in Frameworks */,
				5046F6FA2CAB92B800725BFC /* FirebaseDynamicLinks in Frameworks */,
			);
			runOnlyForDeploymentPostprocessing = 0;
		};
/* End PBXFrameworksBuildPhase section */

/* Begin PBXGroup section */
		D195239C2C9F871900762B0D = {
			isa = PBXGroup;
			children = (
				D1FCDA252CB42C780061EAA9 /* GetToKnowViewController.swift */,
				D1A3455C2CA0DDDC005B1F44 /* UserActivities.swift */,
				D19523A72C9F871900762B0D /* chronolog */,
				D19523A62C9F871900762B0D /* Products */,
			);
			sourceTree = "<group>";
		};
		D19523A62C9F871900762B0D /* Products */ = {
			isa = PBXGroup;
			children = (
				D19523A52C9F871900762B0D /* chronolog.app */,
			);
			name = Products;
			sourceTree = "<group>";
		};
		D19523A72C9F871900762B0D /* chronolog */ = {
			isa = PBXGroup;
			children = (
				D19AE1542CD28623005314EC /* SettingsViewController.swift */,
				D19523A82C9F871900762B0D /* AppDelegate.swift */,
				D19523AA2C9F871900762B0D /* SceneDelegate.swift */,
				D19523AC2C9F871900762B0D /* LoginViewController.swift */,
				D1A345532C9F9864005B1F44 /* CreateAccountViewController.swift */,
				D19523AE2C9F871900762B0D /* Main.storyboard */,
				50C5475D2D6F72DB00E8996A /* ProgressTrackingViewController.swift */,
				5054B33D2CA1110A0020F9C3 /* QuestionsViewController.swift */,
				D1A345602CA0DF4F005B1F44 /* ChecklistViewController.swift */,
				D19523B12C9F871A00762B0D /* Assets.xcassets */,
				D19523B32C9F871A00762B0D /* LaunchScreen.storyboard */,
				D19523B62C9F871A00762B0D /* Info.plist */,
				D1A345552C9F9A58005B1F44 /* GoogleService-Info.plist */,
				508A253B2CAB4D0F00488B39 /* HomeViewController.swift */,
				50759B2C2CBB2C6F00B6D89A /* CalendarViewController.swift */,
				50759B2E2CBB4E9100B6D89A /* CustomEvent.swift */,
				505E35942CC18ACF0060CA2E /* AddEventViewController.swift */,
				506D4A0C2CFF920500D4128F /* AIConflictResolver.swift */,
				50C5475B2D6F53FD00E8996A /* UserNotification.swift */,
				D19FB3522D70D8D600681DBA /* Config.plist */,
			);
			path = chronolog;
			sourceTree = "<group>";
		};
/* End PBXGroup section */

/* Begin PBXNativeTarget section */
		D19523A42C9F871900762B0D /* chronolog */ = {
			isa = PBXNativeTarget;
			buildConfigurationList = D19523B92C9F871A00762B0D /* Build configuration list for PBXNativeTarget "chronolog" */;
			buildPhases = (
				D19523A12C9F871900762B0D /* Sources */,
				D19523A22C9F871900762B0D /* Frameworks */,
				D19523A32C9F871900762B0D /* Resources */,
			);
			buildRules = (
			);
			dependencies = (
			);
			name = chronolog;
			packageProductDependencies = (
				5054B3402CA11FA00020F9C3 /* FirebaseAnalytics */,
				5054B3422CA11FA00020F9C3 /* FirebaseAuth */,
				5054B3442CA11FA00020F9C3 /* FirebaseDatabase */,
				5054B3462CA11FA00020F9C3 /* FirebaseFirestore */,
				5054B3482CA11FA00020F9C3 /* FirebaseStorage */,
				5046F6ED2CAB92B800725BFC /* FirebaseAnalyticsOnDeviceConversion */,
				5046F6EF2CAB92B800725BFC /* FirebaseAnalyticsWithoutAdIdSupport */,
				5046F6F12CAB92B800725BFC /* FirebaseAppCheck */,
				5046F6F32CAB92B800725BFC /* FirebaseAppDistribution-Beta */,
				5046F6F52CAB92B800725BFC /* FirebaseAuthCombine-Community */,
				5046F6F72CAB92B800725BFC /* FirebaseCrashlytics */,
				5046F6F92CAB92B800725BFC /* FirebaseDynamicLinks */,
				5046F6FB2CAB92B800725BFC /* FirebaseFirestoreCombine-Community */,
				5046F6FD2CAB92B800725BFC /* FirebaseFunctions */,
				5046F6FF2CAB92B800725BFC /* FirebaseFunctionsCombine-Community */,
				5046F7012CAB92B800725BFC /* FirebaseInAppMessaging-Beta */,
				5046F7032CAB92B800725BFC /* FirebaseInstallations */,
				5046F7052CAB92B800725BFC /* FirebaseMLModelDownloader */,
				5046F7072CAB92B800725BFC /* FirebaseMessaging */,
				5046F7092CAB92B800725BFC /* FirebasePerformance */,
				5046F70B2CAB92B800725BFC /* FirebaseRemoteConfig */,
				5046F70D2CAB92B800725BFC /* FirebaseStorageCombine-Community */,
				5046F70F2CAB92B800725BFC /* FirebaseVertexAI-Preview */,
				50759B282CBB2BA100B6D89A /* CalendarKit */,
			);
			productName = chronolog;
			productReference = D19523A52C9F871900762B0D /* chronolog.app */;
			productType = "com.apple.product-type.application";
		};
/* End PBXNativeTarget section */

/* Begin PBXProject section */
		D195239D2C9F871900762B0D /* Project object */ = {
			isa = PBXProject;
			attributes = {
				BuildIndependentTargetsInParallel = 1;
				LastSwiftUpdateCheck = 1540;
				LastUpgradeCheck = 1540;
				TargetAttributes = {
					D19523A42C9F871900762B0D = {
						CreatedOnToolsVersion = 15.4;
					};
				};
			};
			buildConfigurationList = D19523A02C9F871900762B0D /* Build configuration list for PBXProject "chronolog" */;
			compatibilityVersion = "Xcode 14.0";
			developmentRegion = en;
			hasScannedForEncodings = 0;
			knownRegions = (
				en,
				Base,
			);
			mainGroup = D195239C2C9F871900762B0D;
			packageReferences = (
				5054B33F2CA11FA00020F9C3 /* XCRemoteSwiftPackageReference "firebase-ios-sdk" */,
				50759B272CBB2BA100B6D89A /* XCRemoteSwiftPackageReference "CalendarKit" */,
			);
			productRefGroup = D19523A62C9F871900762B0D /* Products */;
			projectDirPath = "";
			projectRoot = "";
			targets = (
				D19523A42C9F871900762B0D /* chronolog */,
			);
		};
/* End PBXProject section */

/* Begin PBXResourcesBuildPhase section */
		D19523A32C9F871900762B0D /* Resources */ = {
			isa = PBXResourcesBuildPhase;
			buildActionMask = 2147483647;
			files = (
				D19523B22C9F871A00762B0D /* Assets.xcassets in Resources */,
				D1A345562C9F9A58005B1F44 /* GoogleService-Info.plist in Resources */,
				D19523B52C9F871A00762B0D /* Base in Resources */,
				D19FB3532D70D8D600681DBA /* Config.plist in Resources */,
				D19523B02C9F871900762B0D /* Base in Resources */,
			);
			runOnlyForDeploymentPostprocessing = 0;
		};
/* End PBXResourcesBuildPhase section */

/* Begin PBXSourcesBuildPhase section */
		D19523A12C9F871900762B0D /* Sources */ = {
			isa = PBXSourcesBuildPhase;
			buildActionMask = 2147483647;
			files = (
				50759B2F2CBB4E9100B6D89A /* CustomEvent.swift in Sources */,
				505E35952CC18ACF0060CA2E /* AddEventViewController.swift in Sources */,
				50C5475C2D6F53FD00E8996A /* UserNotification.swift in Sources */,
				50759B2D2CBB2C6F00B6D89A /* CalendarViewController.swift in Sources */,
				D1A345542C9F9864005B1F44 /* CreateAccountViewController.swift in Sources */,
				5054B33E2CA1110A0020F9C3 /* QuestionsViewController.swift in Sources */,
				50C5475E2D6F72DB00E8996A /* ProgressTrackingViewController.swift in Sources */,
				D1A345612CA0DF4F005B1F44 /* ChecklistViewController.swift in Sources */,
				D1FCDA262CB42C780061EAA9 /* GetToKnowViewController.swift in Sources */,
				508A253C2CAB4D0F00488B39 /* HomeViewController.swift in Sources */,
				D19523AD2C9F871900762B0D /* LoginViewController.swift in Sources */,
				D19523A92C9F871900762B0D /* AppDelegate.swift in Sources */,
				D19AE1552CD28623005314EC /* SettingsViewController.swift in Sources */,
				D1A3455D2CA0DDDC005B1F44 /* UserActivities.swift in Sources */,
				D19523AB2C9F871900762B0D /* SceneDelegate.swift in Sources */,
				506D4A0D2CFF920500D4128F /* AIConflictResolver.swift in Sources */,
			);
			runOnlyForDeploymentPostprocessing = 0;
		};
/* End PBXSourcesBuildPhase section */

/* Begin PBXVariantGroup section */
		D19523AE2C9F871900762B0D /* Main.storyboard */ = {
			isa = PBXVariantGroup;
			children = (
				D19523AF2C9F871900762B0D /* Base */,
			);
			name = Main.storyboard;
			sourceTree = "<group>";
		};
		D19523B32C9F871A00762B0D /* LaunchScreen.storyboard */ = {
			isa = PBXVariantGroup;
			children = (
				D19523B42C9F871A00762B0D /* Base */,
			);
			name = LaunchScreen.storyboard;
			sourceTree = "<group>";
		};
/* End PBXVariantGroup section */

/* Begin XCBuildConfiguration section */
		D19523B72C9F871A00762B0D /* Debug */ = {
			isa = XCBuildConfiguration;
			buildSettings = {
				ALWAYS_SEARCH_USER_PATHS = NO;
				ASSETCATALOG_COMPILER_GENERATE_SWIFT_ASSET_SYMBOL_EXTENSIONS = YES;
				CLANG_ANALYZER_NONNULL = YES;
				CLANG_ANALYZER_NUMBER_OBJECT_CONVERSION = YES_AGGRESSIVE;
				CLANG_CXX_LANGUAGE_STANDARD = "gnu++20";
				CLANG_ENABLE_MODULES = YES;
				CLANG_ENABLE_OBJC_ARC = YES;
				CLANG_ENABLE_OBJC_WEAK = YES;
				CLANG_WARN_BLOCK_CAPTURE_AUTORELEASING = YES;
				CLANG_WARN_BOOL_CONVERSION = YES;
				CLANG_WARN_COMMA = YES;
				CLANG_WARN_CONSTANT_CONVERSION = YES;
				CLANG_WARN_DEPRECATED_OBJC_IMPLEMENTATIONS = YES;
				CLANG_WARN_DIRECT_OBJC_ISA_USAGE = YES_ERROR;
				CLANG_WARN_DOCUMENTATION_COMMENTS = YES;
				CLANG_WARN_EMPTY_BODY = YES;
				CLANG_WARN_ENUM_CONVERSION = YES;
				CLANG_WARN_INFINITE_RECURSION = YES;
				CLANG_WARN_INT_CONVERSION = YES;
				CLANG_WARN_NON_LITERAL_NULL_CONVERSION = YES;
				CLANG_WARN_OBJC_IMPLICIT_RETAIN_SELF = YES;
				CLANG_WARN_OBJC_LITERAL_CONVERSION = YES;
				CLANG_WARN_OBJC_ROOT_CLASS = YES_ERROR;
				CLANG_WARN_QUOTED_INCLUDE_IN_FRAMEWORK_HEADER = YES;
				CLANG_WARN_RANGE_LOOP_ANALYSIS = YES;
				CLANG_WARN_STRICT_PROTOTYPES = YES;
				CLANG_WARN_SUSPICIOUS_MOVE = YES;
				CLANG_WARN_UNGUARDED_AVAILABILITY = YES_AGGRESSIVE;
				CLANG_WARN_UNREACHABLE_CODE = YES;
				CLANG_WARN__DUPLICATE_METHOD_MATCH = YES;
				COPY_PHASE_STRIP = NO;
				DEBUG_INFORMATION_FORMAT = dwarf;
				ENABLE_STRICT_OBJC_MSGSEND = YES;
				ENABLE_TESTABILITY = YES;
				ENABLE_USER_SCRIPT_SANDBOXING = YES;
				GCC_C_LANGUAGE_STANDARD = gnu17;
				GCC_DYNAMIC_NO_PIC = NO;
				GCC_NO_COMMON_BLOCKS = YES;
				GCC_OPTIMIZATION_LEVEL = 0;
				GCC_PREPROCESSOR_DEFINITIONS = (
					"DEBUG=1",
					"$(inherited)",
				);
				GCC_WARN_64_TO_32_BIT_CONVERSION = YES;
				GCC_WARN_ABOUT_RETURN_TYPE = YES_ERROR;
				GCC_WARN_UNDECLARED_SELECTOR = YES;
				GCC_WARN_UNINITIALIZED_AUTOS = YES_AGGRESSIVE;
				GCC_WARN_UNUSED_FUNCTION = YES;
				GCC_WARN_UNUSED_VARIABLE = YES;
				IPHONEOS_DEPLOYMENT_TARGET = 17.5;
				LOCALIZATION_PREFERS_STRING_CATALOGS = YES;
				MTL_ENABLE_DEBUG_INFO = INCLUDE_SOURCE;
				MTL_FAST_MATH = YES;
				ONLY_ACTIVE_ARCH = YES;
				SDKROOT = iphoneos;
				SWIFT_ACTIVE_COMPILATION_CONDITIONS = "DEBUG $(inherited)";
				SWIFT_OPTIMIZATION_LEVEL = "-Onone";
			};
			name = Debug;
		};
		D19523B82C9F871A00762B0D /* Release */ = {
			isa = XCBuildConfiguration;
			buildSettings = {
				ALWAYS_SEARCH_USER_PATHS = NO;
				ASSETCATALOG_COMPILER_GENERATE_SWIFT_ASSET_SYMBOL_EXTENSIONS = YES;
				CLANG_ANALYZER_NONNULL = YES;
				CLANG_ANALYZER_NUMBER_OBJECT_CONVERSION = YES_AGGRESSIVE;
				CLANG_CXX_LANGUAGE_STANDARD = "gnu++20";
				CLANG_ENABLE_MODULES = YES;
				CLANG_ENABLE_OBJC_ARC = YES;
				CLANG_ENABLE_OBJC_WEAK = YES;
				CLANG_WARN_BLOCK_CAPTURE_AUTORELEASING = YES;
				CLANG_WARN_BOOL_CONVERSION = YES;
				CLANG_WARN_COMMA = YES;
				CLANG_WARN_CONSTANT_CONVERSION = YES;
				CLANG_WARN_DEPRECATED_OBJC_IMPLEMENTATIONS = YES;
				CLANG_WARN_DIRECT_OBJC_ISA_USAGE = YES_ERROR;
				CLANG_WARN_DOCUMENTATION_COMMENTS = YES;
				CLANG_WARN_EMPTY_BODY = YES;
				CLANG_WARN_ENUM_CONVERSION = YES;
				CLANG_WARN_INFINITE_RECURSION = YES;
				CLANG_WARN_INT_CONVERSION = YES;
				CLANG_WARN_NON_LITERAL_NULL_CONVERSION = YES;
				CLANG_WARN_OBJC_IMPLICIT_RETAIN_SELF = YES;
				CLANG_WARN_OBJC_LITERAL_CONVERSION = YES;
				CLANG_WARN_OBJC_ROOT_CLASS = YES_ERROR;
				CLANG_WARN_QUOTED_INCLUDE_IN_FRAMEWORK_HEADER = YES;
				CLANG_WARN_RANGE_LOOP_ANALYSIS = YES;
				CLANG_WARN_STRICT_PROTOTYPES = YES;
				CLANG_WARN_SUSPICIOUS_MOVE = YES;
				CLANG_WARN_UNGUARDED_AVAILABILITY = YES_AGGRESSIVE;
				CLANG_WARN_UNREACHABLE_CODE = YES;
				CLANG_WARN__DUPLICATE_METHOD_MATCH = YES;
				COPY_PHASE_STRIP = NO;
				DEBUG_INFORMATION_FORMAT = "dwarf-with-dsym";
				ENABLE_NS_ASSERTIONS = NO;
				ENABLE_STRICT_OBJC_MSGSEND = YES;
				ENABLE_USER_SCRIPT_SANDBOXING = YES;
				GCC_C_LANGUAGE_STANDARD = gnu17;
				GCC_NO_COMMON_BLOCKS = YES;
				GCC_WARN_64_TO_32_BIT_CONVERSION = YES;
				GCC_WARN_ABOUT_RETURN_TYPE = YES_ERROR;
				GCC_WARN_UNDECLARED_SELECTOR = YES;
				GCC_WARN_UNINITIALIZED_AUTOS = YES_AGGRESSIVE;
				GCC_WARN_UNUSED_FUNCTION = YES;
				GCC_WARN_UNUSED_VARIABLE = YES;
				IPHONEOS_DEPLOYMENT_TARGET = 17.5;
				LOCALIZATION_PREFERS_STRING_CATALOGS = YES;
				MTL_ENABLE_DEBUG_INFO = NO;
				MTL_FAST_MATH = YES;
				SDKROOT = iphoneos;
				SWIFT_COMPILATION_MODE = wholemodule;
				VALIDATE_PRODUCT = YES;
			};
			name = Release;
		};
		D19523BA2C9F871A00762B0D /* Debug */ = {
			isa = XCBuildConfiguration;
			buildSettings = {
				ASSETCATALOG_COMPILER_APPICON_NAME = AppIcon;
				ASSETCATALOG_COMPILER_GLOBAL_ACCENT_COLOR_NAME = AccentColor;
				CODE_SIGN_STYLE = Automatic;
				CURRENT_PROJECT_VERSION = 1;
				DEVELOPMENT_TEAM = "";
				GENERATE_INFOPLIST_FILE = YES;
				INFOPLIST_FILE = chronolog/Info.plist;
				INFOPLIST_KEY_LSApplicationCategoryType = "public.app-category.productivity";
				INFOPLIST_KEY_UIApplicationSupportsIndirectInputEvents = YES;
				INFOPLIST_KEY_UILaunchStoryboardName = LaunchScreen;
				INFOPLIST_KEY_UIMainStoryboardFile = Main;
				INFOPLIST_KEY_UISupportedInterfaceOrientations_iPad = "UIInterfaceOrientationPortrait UIInterfaceOrientationPortraitUpsideDown UIInterfaceOrientationLandscapeLeft UIInterfaceOrientationLandscapeRight";
				INFOPLIST_KEY_UISupportedInterfaceOrientations_iPhone = "UIInterfaceOrientationPortrait UIInterfaceOrientationLandscapeLeft UIInterfaceOrientationLandscapeRight";
				LD_RUNPATH_SEARCH_PATHS = (
					"$(inherited)",
					"@executable_path/Frameworks",
				);
				MARKETING_VERSION = 1.0;
				PRODUCT_BUNDLE_IDENTIFIER = brats.chronolog;
				PRODUCT_NAME = "$(TARGET_NAME)";
				SWIFT_EMIT_LOC_STRINGS = YES;
				SWIFT_VERSION = 5.0;
				TARGETED_DEVICE_FAMILY = "1,2";
			};
			name = Debug;
		};
		D19523BB2C9F871A00762B0D /* Release */ = {
			isa = XCBuildConfiguration;
			buildSettings = {
				ASSETCATALOG_COMPILER_APPICON_NAME = AppIcon;
				ASSETCATALOG_COMPILER_GLOBAL_ACCENT_COLOR_NAME = AccentColor;
				CODE_SIGN_STYLE = Automatic;
				CURRENT_PROJECT_VERSION = 1;
				DEVELOPMENT_TEAM = "";
				GENERATE_INFOPLIST_FILE = YES;
				INFOPLIST_FILE = chronolog/Info.plist;
				INFOPLIST_KEY_LSApplicationCategoryType = "public.app-category.productivity";
				INFOPLIST_KEY_UIApplicationSupportsIndirectInputEvents = YES;
				INFOPLIST_KEY_UILaunchStoryboardName = LaunchScreen;
				INFOPLIST_KEY_UIMainStoryboardFile = Main;
				INFOPLIST_KEY_UISupportedInterfaceOrientations_iPad = "UIInterfaceOrientationPortrait UIInterfaceOrientationPortraitUpsideDown UIInterfaceOrientationLandscapeLeft UIInterfaceOrientationLandscapeRight";
				INFOPLIST_KEY_UISupportedInterfaceOrientations_iPhone = "UIInterfaceOrientationPortrait UIInterfaceOrientationLandscapeLeft UIInterfaceOrientationLandscapeRight";
				LD_RUNPATH_SEARCH_PATHS = (
					"$(inherited)",
					"@executable_path/Frameworks",
				);
				MARKETING_VERSION = 1.0;
				PRODUCT_BUNDLE_IDENTIFIER = brats.chronolog;
				PRODUCT_NAME = "$(TARGET_NAME)";
				SWIFT_EMIT_LOC_STRINGS = YES;
				SWIFT_VERSION = 5.0;
				TARGETED_DEVICE_FAMILY = "1,2";
			};
			name = Release;
		};
/* End XCBuildConfiguration section */

/* Begin XCConfigurationList section */
		D19523A02C9F871900762B0D /* Build configuration list for PBXProject "chronolog" */ = {
			isa = XCConfigurationList;
			buildConfigurations = (
				D19523B72C9F871A00762B0D /* Debug */,
				D19523B82C9F871A00762B0D /* Release */,
			);
			defaultConfigurationIsVisible = 0;
			defaultConfigurationName = Release;
		};
		D19523B92C9F871A00762B0D /* Build configuration list for PBXNativeTarget "chronolog" */ = {
			isa = XCConfigurationList;
			buildConfigurations = (
				D19523BA2C9F871A00762B0D /* Debug */,
				D19523BB2C9F871A00762B0D /* Release */,
			);
			defaultConfigurationIsVisible = 0;
			defaultConfigurationName = Release;
		};
/* End XCConfigurationList section */

/* Begin XCRemoteSwiftPackageReference section */
		5054B33F2CA11FA00020F9C3 /* XCRemoteSwiftPackageReference "firebase-ios-sdk" */ = {
			isa = XCRemoteSwiftPackageReference;
			repositoryURL = "https://github.com/firebase/firebase-ios-sdk";
			requirement = {
				kind = upToNextMajorVersion;
				minimumVersion = 11.2.0;
			};
		};
		50759B272CBB2BA100B6D89A /* XCRemoteSwiftPackageReference "CalendarKit" */ = {
			isa = XCRemoteSwiftPackageReference;
			repositoryURL = "https://github.com/richardtop/CalendarKit.git";
			requirement = {
				kind = upToNextMajorVersion;
				minimumVersion = 1.1.10;
			};
		};
/* End XCRemoteSwiftPackageReference section */

/* Begin XCSwiftPackageProductDependency section */
		5046F6ED2CAB92B800725BFC /* FirebaseAnalyticsOnDeviceConversion */ = {
			isa = XCSwiftPackageProductDependency;
			package = 5054B33F2CA11FA00020F9C3 /* XCRemoteSwiftPackageReference "firebase-ios-sdk" */;
			productName = FirebaseAnalyticsOnDeviceConversion;
		};
		5046F6EF2CAB92B800725BFC /* FirebaseAnalyticsWithoutAdIdSupport */ = {
			isa = XCSwiftPackageProductDependency;
			package = 5054B33F2CA11FA00020F9C3 /* XCRemoteSwiftPackageReference "firebase-ios-sdk" */;
			productName = FirebaseAnalyticsWithoutAdIdSupport;
		};
		5046F6F12CAB92B800725BFC /* FirebaseAppCheck */ = {
			isa = XCSwiftPackageProductDependency;
			package = 5054B33F2CA11FA00020F9C3 /* XCRemoteSwiftPackageReference "firebase-ios-sdk" */;
			productName = FirebaseAppCheck;
		};
		5046F6F32CAB92B800725BFC /* FirebaseAppDistribution-Beta */ = {
			isa = XCSwiftPackageProductDependency;
			package = 5054B33F2CA11FA00020F9C3 /* XCRemoteSwiftPackageReference "firebase-ios-sdk" */;
			productName = "FirebaseAppDistribution-Beta";
		};
		5046F6F52CAB92B800725BFC /* FirebaseAuthCombine-Community */ = {
			isa = XCSwiftPackageProductDependency;
			package = 5054B33F2CA11FA00020F9C3 /* XCRemoteSwiftPackageReference "firebase-ios-sdk" */;
			productName = "FirebaseAuthCombine-Community";
		};
		5046F6F72CAB92B800725BFC /* FirebaseCrashlytics */ = {
			isa = XCSwiftPackageProductDependency;
			package = 5054B33F2CA11FA00020F9C3 /* XCRemoteSwiftPackageReference "firebase-ios-sdk" */;
			productName = FirebaseCrashlytics;
		};
		5046F6F92CAB92B800725BFC /* FirebaseDynamicLinks */ = {
			isa = XCSwiftPackageProductDependency;
			package = 5054B33F2CA11FA00020F9C3 /* XCRemoteSwiftPackageReference "firebase-ios-sdk" */;
			productName = FirebaseDynamicLinks;
		};
		5046F6FB2CAB92B800725BFC /* FirebaseFirestoreCombine-Community */ = {
			isa = XCSwiftPackageProductDependency;
			package = 5054B33F2CA11FA00020F9C3 /* XCRemoteSwiftPackageReference "firebase-ios-sdk" */;
			productName = "FirebaseFirestoreCombine-Community";
		};
		5046F6FD2CAB92B800725BFC /* FirebaseFunctions */ = {
			isa = XCSwiftPackageProductDependency;
			package = 5054B33F2CA11FA00020F9C3 /* XCRemoteSwiftPackageReference "firebase-ios-sdk" */;
			productName = FirebaseFunctions;
		};
		5046F6FF2CAB92B800725BFC /* FirebaseFunctionsCombine-Community */ = {
			isa = XCSwiftPackageProductDependency;
			package = 5054B33F2CA11FA00020F9C3 /* XCRemoteSwiftPackageReference "firebase-ios-sdk" */;
			productName = "FirebaseFunctionsCombine-Community";
		};
		5046F7012CAB92B800725BFC /* FirebaseInAppMessaging-Beta */ = {
			isa = XCSwiftPackageProductDependency;
			package = 5054B33F2CA11FA00020F9C3 /* XCRemoteSwiftPackageReference "firebase-ios-sdk" */;
			productName = "FirebaseInAppMessaging-Beta";
		};
		5046F7032CAB92B800725BFC /* FirebaseInstallations */ = {
			isa = XCSwiftPackageProductDependency;
			package = 5054B33F2CA11FA00020F9C3 /* XCRemoteSwiftPackageReference "firebase-ios-sdk" */;
			productName = FirebaseInstallations;
		};
		5046F7052CAB92B800725BFC /* FirebaseMLModelDownloader */ = {
			isa = XCSwiftPackageProductDependency;
			package = 5054B33F2CA11FA00020F9C3 /* XCRemoteSwiftPackageReference "firebase-ios-sdk" */;
			productName = FirebaseMLModelDownloader;
		};
		5046F7072CAB92B800725BFC /* FirebaseMessaging */ = {
			isa = XCSwiftPackageProductDependency;
			package = 5054B33F2CA11FA00020F9C3 /* XCRemoteSwiftPackageReference "firebase-ios-sdk" */;
			productName = FirebaseMessaging;
		};
		5046F7092CAB92B800725BFC /* FirebasePerformance */ = {
			isa = XCSwiftPackageProductDependency;
			package = 5054B33F2CA11FA00020F9C3 /* XCRemoteSwiftPackageReference "firebase-ios-sdk" */;
			productName = FirebasePerformance;
		};
		5046F70B2CAB92B800725BFC /* FirebaseRemoteConfig */ = {
			isa = XCSwiftPackageProductDependency;
			package = 5054B33F2CA11FA00020F9C3 /* XCRemoteSwiftPackageReference "firebase-ios-sdk" */;
			productName = FirebaseRemoteConfig;
		};
		5046F70D2CAB92B800725BFC /* FirebaseStorageCombine-Community */ = {
			isa = XCSwiftPackageProductDependency;
			package = 5054B33F2CA11FA00020F9C3 /* XCRemoteSwiftPackageReference "firebase-ios-sdk" */;
			productName = "FirebaseStorageCombine-Community";
		};
		5046F70F2CAB92B800725BFC /* FirebaseVertexAI-Preview */ = {
			isa = XCSwiftPackageProductDependency;
			package = 5054B33F2CA11FA00020F9C3 /* XCRemoteSwiftPackageReference "firebase-ios-sdk" */;
			productName = "FirebaseVertexAI-Preview";
		};
		5054B3402CA11FA00020F9C3 /* FirebaseAnalytics */ = {
			isa = XCSwiftPackageProductDependency;
			package = 5054B33F2CA11FA00020F9C3 /* XCRemoteSwiftPackageReference "firebase-ios-sdk" */;
			productName = FirebaseAnalytics;
		};
		5054B3422CA11FA00020F9C3 /* FirebaseAuth */ = {
			isa = XCSwiftPackageProductDependency;
			package = 5054B33F2CA11FA00020F9C3 /* XCRemoteSwiftPackageReference "firebase-ios-sdk" */;
			productName = FirebaseAuth;
		};
		5054B3442CA11FA00020F9C3 /* FirebaseDatabase */ = {
			isa = XCSwiftPackageProductDependency;
			package = 5054B33F2CA11FA00020F9C3 /* XCRemoteSwiftPackageReference "firebase-ios-sdk" */;
			productName = FirebaseDatabase;
		};
		5054B3462CA11FA00020F9C3 /* FirebaseFirestore */ = {
			isa = XCSwiftPackageProductDependency;
			package = 5054B33F2CA11FA00020F9C3 /* XCRemoteSwiftPackageReference "firebase-ios-sdk" */;
			productName = FirebaseFirestore;
		};
		5054B3482CA11FA00020F9C3 /* FirebaseStorage */ = {
			isa = XCSwiftPackageProductDependency;
			package = 5054B33F2CA11FA00020F9C3 /* XCRemoteSwiftPackageReference "firebase-ios-sdk" */;
			productName = FirebaseStorage;
		};
		50759B282CBB2BA100B6D89A /* CalendarKit */ = {
			isa = XCSwiftPackageProductDependency;
			package = 50759B272CBB2BA100B6D89A /* XCRemoteSwiftPackageReference "CalendarKit" */;
			productName = CalendarKit;
		};
/* End XCSwiftPackageProductDependency section */
	};
	rootObject = D195239D2C9F871900762B0D /* Project object */;
}
